// !$*UTF8*$!
{
	archiveVersion = 1;
	classes = {
	};
	objectVersion = 50;
	objects = {

/* Begin PBXBuildFile section */
		EFDEEF05246D0F5100624748 /* AppDelegate.swift in Sources */ = {isa = PBXBuildFile; fileRef = EFDEEF04246D0F5100624748 /* AppDelegate.swift */; };
		EFDEEF07246D0F5100624748 /* SceneDelegate.swift in Sources */ = {isa = PBXBuildFile; fileRef = EFDEEF06246D0F5100624748 /* SceneDelegate.swift */; };
		EFDEEF09246D0F5100624748 /* ViewController.swift in Sources */ = {isa = PBXBuildFile; fileRef = EFDEEF08246D0F5100624748 /* ViewController.swift */; };
		EFDEEF0C246D0F5100624748 /* Main.storyboard in Resources */ = {isa = PBXBuildFile; fileRef = EFDEEF0A246D0F5100624748 /* Main.storyboard */; };
		EFDEEF0E246D0F5600624748 /* Assets.xcassets in Resources */ = {isa = PBXBuildFile; fileRef = EFDEEF0D246D0F5600624748 /* Assets.xcassets */; };
		EFDEEF11246D0F5600624748 /* LaunchScreen.storyboard in Resources */ = {isa = PBXBuildFile; fileRef = EFDEEF0F246D0F5600624748 /* LaunchScreen.storyboard */; };
		EFDEEF1C246D0F5600624748 /* GachaTechTests.swift in Sources */ = {isa = PBXBuildFile; fileRef = EFDEEF1B246D0F5600624748 /* GachaTechTests.swift */; };
		EFDEEF27246D0F5600624748 /* GachaTechUITests.swift in Sources */ = {isa = PBXBuildFile; fileRef = EFDEEF26246D0F5600624748 /* GachaTechUITests.swift */; };
/* End PBXBuildFile section */

/* Begin PBXContainerItemProxy section */
		EFDEEF18246D0F5600624748 /* PBXContainerItemProxy */ = {
			isa = PBXContainerItemProxy;
			containerPortal = EFDEEEF9246D0F5100624748 /* Project object */;
			proxyType = 1;
			remoteGlobalIDString = EFDEEF00246D0F5100624748;
			remoteInfo = GachaTech;
		};
		EFDEEF23246D0F5600624748 /* PBXContainerItemProxy */ = {
			isa = PBXContainerItemProxy;
			containerPortal = EFDEEEF9246D0F5100624748 /* Project object */;
			proxyType = 1;
			remoteGlobalIDString = EFDEEF00246D0F5100624748;
			remoteInfo = GachaTech;
		};
/* End PBXContainerItemProxy section */

/* Begin PBXFileReference section */
		EFDEEF01246D0F5100624748 /* GachaTech.app */ = {isa = PBXFileReference; explicitFileType = wrapper.application; includeInIndex = 0; path = GachaTech.app; sourceTree = BUILT_PRODUCTS_DIR; };
		EFDEEF04246D0F5100624748 /* AppDelegate.swift */ = {isa = PBXFileReference; lastKnownFileType = sourcecode.swift; path = AppDelegate.swift; sourceTree = "<group>"; };
		EFDEEF06246D0F5100624748 /* SceneDelegate.swift */ = {isa = PBXFileReference; lastKnownFileType = sourcecode.swift; path = SceneDelegate.swift; sourceTree = "<group>"; };
		EFDEEF08246D0F5100624748 /* ViewController.swift */ = {isa = PBXFileReference; lastKnownFileType = sourcecode.swift; path = ViewController.swift; sourceTree = "<group>"; };
		EFDEEF0B246D0F5100624748 /* Base */ = {isa = PBXFileReference; lastKnownFileType = file.storyboard; name = Base; path = Base.lproj/Main.storyboard; sourceTree = "<group>"; };
		EFDEEF0D246D0F5600624748 /* Assets.xcassets */ = {isa = PBXFileReference; lastKnownFileType = folder.assetcatalog; path = Assets.xcassets; sourceTree = "<group>"; };
		EFDEEF10246D0F5600624748 /* Base */ = {isa = PBXFileReference; lastKnownFileType = file.storyboard; name = Base; path = Base.lproj/LaunchScreen.storyboard; sourceTree = "<group>"; };
		EFDEEF12246D0F5600624748 /* Info.plist */ = {isa = PBXFileReference; lastKnownFileType = text.plist.xml; path = Info.plist; sourceTree = "<group>"; };
		EFDEEF17246D0F5600624748 /* GachaTechTests.xctest */ = {isa = PBXFileReference; explicitFileType = wrapper.cfbundle; includeInIndex = 0; path = GachaTechTests.xctest; sourceTree = BUILT_PRODUCTS_DIR; };
		EFDEEF1B246D0F5600624748 /* GachaTechTests.swift */ = {isa = PBXFileReference; lastKnownFileType = sourcecode.swift; path = GachaTechTests.swift; sourceTree = "<group>"; };
		EFDEEF1D246D0F5600624748 /* Info.plist */ = {isa = PBXFileReference; lastKnownFileType = text.plist.xml; path = Info.plist; sourceTree = "<group>"; };
		EFDEEF22246D0F5600624748 /* GachaTechUITests.xctest */ = {isa = PBXFileReference; explicitFileType = wrapper.cfbundle; includeInIndex = 0; path = GachaTechUITests.xctest; sourceTree = BUILT_PRODUCTS_DIR; };
		EFDEEF26246D0F5600624748 /* GachaTechUITests.swift */ = {isa = PBXFileReference; lastKnownFileType = sourcecode.swift; path = GachaTechUITests.swift; sourceTree = "<group>"; };
		EFDEEF28246D0F5600624748 /* Info.plist */ = {isa = PBXFileReference; lastKnownFileType = text.plist.xml; path = Info.plist; sourceTree = "<group>"; };
/* End PBXFileReference section */

/* Begin PBXFrameworksBuildPhase section */
		EFDEEEFE246D0F5100624748 /* Frameworks */ = {
			isa = PBXFrameworksBuildPhase;
			buildActionMask = 2147483647;
			files = (
			);
			runOnlyForDeploymentPostprocessing = 0;
		};
		EFDEEF14246D0F5600624748 /* Frameworks */ = {
			isa = PBXFrameworksBuildPhase;
			buildActionMask = 2147483647;
			files = (
			);
			runOnlyForDeploymentPostprocessing = 0;
		};
		EFDEEF1F246D0F5600624748 /* Frameworks */ = {
			isa = PBXFrameworksBuildPhase;
			buildActionMask = 2147483647;
			files = (
			);
			runOnlyForDeploymentPostprocessing = 0;
		};
/* End PBXFrameworksBuildPhase section */

/* Begin PBXGroup section */
		EFDEEEF8246D0F5100624748 = {
			isa = PBXGroup;
			children = (
				EFDEEF03246D0F5100624748 /* GachaTech */,
				EFDEEF1A246D0F5600624748 /* GachaTechTests */,
				EFDEEF25246D0F5600624748 /* GachaTechUITests */,
				EFDEEF02246D0F5100624748 /* Products */,
			);
			sourceTree = "<group>";
		};
		EFDEEF02246D0F5100624748 /* Products */ = {
			isa = PBXGroup;
			children = (
				EFDEEF01246D0F5100624748 /* GachaTech.app */,
				EFDEEF17246D0F5600624748 /* GachaTechTests.xctest */,
				EFDEEF22246D0F5600624748 /* GachaTechUITests.xctest */,
			);
			name = Products;
			sourceTree = "<group>";
		};
		EFDEEF03246D0F5100624748 /* GachaTech */ = {
			isa = PBXGroup;
			children = (
				EFDEEF04246D0F5100624748 /* AppDelegate.swift */,
				EFDEEF06246D0F5100624748 /* SceneDelegate.swift */,
				EFDEEF08246D0F5100624748 /* ViewController.swift */,
				EFDEEF0A246D0F5100624748 /* Main.storyboard */,
				EFDEEF0D246D0F5600624748 /* Assets.xcassets */,
				EFDEEF0F246D0F5600624748 /* LaunchScreen.storyboard */,
				EFDEEF12246D0F5600624748 /* Info.plist */,
			);
			path = GachaTech;
			sourceTree = "<group>";
		};
		EFDEEF1A246D0F5600624748 /* GachaTechTests */ = {
			isa = PBXGroup;
			children = (
				EFDEEF1B246D0F5600624748 /* GachaTechTests.swift */,
				EFDEEF1D246D0F5600624748 /* Info.plist */,
			);
			path = GachaTechTests;
			sourceTree = "<group>";
		};
		EFDEEF25246D0F5600624748 /* GachaTechUITests */ = {
			isa = PBXGroup;
			children = (
				EFDEEF26246D0F5600624748 /* GachaTechUITests.swift */,
				EFDEEF28246D0F5600624748 /* Info.plist */,
			);
			path = GachaTechUITests;
			sourceTree = "<group>";
		};
/* End PBXGroup section */

/* Begin PBXNativeTarget section */
		EFDEEF00246D0F5100624748 /* GachaTech */ = {
			isa = PBXNativeTarget;
			buildConfigurationList = EFDEEF2B246D0F5600624748 /* Build configuration list for PBXNativeTarget "GachaTech" */;
			buildPhases = (
				EFDEEEFD246D0F5100624748 /* Sources */,
				EFDEEEFE246D0F5100624748 /* Frameworks */,
				EFDEEEFF246D0F5100624748 /* Resources */,
			);
			buildRules = (
			);
			dependencies = (
			);
			name = GachaTech;
			productName = GachaTech;
			productReference = EFDEEF01246D0F5100624748 /* GachaTech.app */;
			productType = "com.apple.product-type.application";
		};
		EFDEEF16246D0F5600624748 /* GachaTechTests */ = {
			isa = PBXNativeTarget;
			buildConfigurationList = EFDEEF2E246D0F5600624748 /* Build configuration list for PBXNativeTarget "GachaTechTests" */;
			buildPhases = (
				EFDEEF13246D0F5600624748 /* Sources */,
				EFDEEF14246D0F5600624748 /* Frameworks */,
				EFDEEF15246D0F5600624748 /* Resources */,
			);
			buildRules = (
			);
			dependencies = (
				EFDEEF19246D0F5600624748 /* PBXTargetDependency */,
			);
			name = GachaTechTests;
			productName = GachaTechTests;
			productReference = EFDEEF17246D0F5600624748 /* GachaTechTests.xctest */;
			productType = "com.apple.product-type.bundle.unit-test";
		};
		EFDEEF21246D0F5600624748 /* GachaTechUITests */ = {
			isa = PBXNativeTarget;
			buildConfigurationList = EFDEEF31246D0F5600624748 /* Build configuration list for PBXNativeTarget "GachaTechUITests" */;
			buildPhases = (
				EFDEEF1E246D0F5600624748 /* Sources */,
				EFDEEF1F246D0F5600624748 /* Frameworks */,
				EFDEEF20246D0F5600624748 /* Resources */,
			);
			buildRules = (
			);
			dependencies = (
				EFDEEF24246D0F5600624748 /* PBXTargetDependency */,
			);
			name = GachaTechUITests;
			productName = GachaTechUITests;
			productReference = EFDEEF22246D0F5600624748 /* GachaTechUITests.xctest */;
			productType = "com.apple.product-type.bundle.ui-testing";
		};
/* End PBXNativeTarget section */

/* Begin PBXProject section */
		EFDEEEF9246D0F5100624748 /* Project object */ = {
			isa = PBXProject;
			attributes = {
				LastSwiftUpdateCheck = 1140;
				LastUpgradeCheck = 1140;
				ORGANIZATIONNAME = "Fukui Ayanon";
				TargetAttributes = {
					EFDEEF00246D0F5100624748 = {
						CreatedOnToolsVersion = 11.4.1;
					};
					EFDEEF16246D0F5600624748 = {
						CreatedOnToolsVersion = 11.4.1;
						TestTargetID = EFDEEF00246D0F5100624748;
					};
					EFDEEF21246D0F5600624748 = {
						CreatedOnToolsVersion = 11.4.1;
						TestTargetID = EFDEEF00246D0F5100624748;
					};
				};
			};
			buildConfigurationList = EFDEEEFC246D0F5100624748 /* Build configuration list for PBXProject "GachaTech" */;
			compatibilityVersion = "Xcode 9.3";
			developmentRegion = en;
			hasScannedForEncodings = 0;
			knownRegions = (
				en,
				Base,
			);
			mainGroup = EFDEEEF8246D0F5100624748;
			productRefGroup = EFDEEF02246D0F5100624748 /* Products */;
			projectDirPath = "";
			projectRoot = "";
			targets = (
				EFDEEF00246D0F5100624748 /* GachaTech */,
				EFDEEF16246D0F5600624748 /* GachaTechTests */,
				EFDEEF21246D0F5600624748 /* GachaTechUITests */,
			);
		};
/* End PBXProject section */

/* Begin PBXResourcesBuildPhase section */
		EFDEEEFF246D0F5100624748 /* Resources */ = {
			isa = PBXResourcesBuildPhase;
			buildActionMask = 2147483647;
			files = (
				EFDEEF11246D0F5600624748 /* LaunchScreen.storyboard in Resources */,
				EFDEEF0E246D0F5600624748 /* Assets.xcassets in Resources */,
				EFDEEF0C246D0F5100624748 /* Main.storyboard in Resources */,
			);
			runOnlyForDeploymentPostprocessing = 0;
		};
		EFDEEF15246D0F5600624748 /* Resources */ = {
			isa = PBXResourcesBuildPhase;
			buildActionMask = 2147483647;
			files = (
			);
			runOnlyForDeploymentPostprocessing = 0;
		};
		EFDEEF20246D0F5600624748 /* Resources */ = {
			isa = PBXResourcesBuildPhase;
			buildActionMask = 2147483647;
			files = (
			);
			runOnlyForDeploymentPostprocessing = 0;
		};
/* End PBXResourcesBuildPhase section */

/* Begin PBXSourcesBuildPhase section */
		EFDEEEFD246D0F5100624748 /* Sources */ = {
			isa = PBXSourcesBuildPhase;
			buildActionMask = 2147483647;
			files = (
				EFDEEF09246D0F5100624748 /* ViewController.swift in Sources */,
				EFDEEF05246D0F5100624748 /* AppDelegate.swift in Sources */,
				EFDEEF07246D0F5100624748 /* SceneDelegate.swift in Sources */,
			);
			runOnlyForDeploymentPostprocessing = 0;
		};
		EFDEEF13246D0F5600624748 /* Sources */ = {
			isa = PBXSourcesBuildPhase;
			buildActionMask = 2147483647;
			files = (
				EFDEEF1C246D0F5600624748 /* GachaTechTests.swift in Sources */,
			);
			runOnlyForDeploymentPostprocessing = 0;
		};
		EFDEEF1E246D0F5600624748 /* Sources */ = {
			isa = PBXSourcesBuildPhase;
			buildActionMask = 2147483647;
			files = (
				EFDEEF27246D0F5600624748 /* GachaTechUITests.swift in Sources */,
			);
			runOnlyForDeploymentPostprocessing = 0;
		};
/* End PBXSourcesBuildPhase section */

/* Begin PBXTargetDependency section */
		EFDEEF19246D0F5600624748 /* PBXTargetDependency */ = {
			isa = PBXTargetDependency;
			target = EFDEEF00246D0F5100624748 /* GachaTech */;
			targetProxy = EFDEEF18246D0F5600624748 /* PBXContainerItemProxy */;
		};
		EFDEEF24246D0F5600624748 /* PBXTargetDependency */ = {
			isa = PBXTargetDependency;
			target = EFDEEF00246D0F5100624748 /* GachaTech */;
			targetProxy = EFDEEF23246D0F5600624748 /* PBXContainerItemProxy */;
		};
/* End PBXTargetDependency section */

/* Begin PBXVariantGroup section */
		EFDEEF0A246D0F5100624748 /* Main.storyboard */ = {
			isa = PBXVariantGroup;
			children = (
				EFDEEF0B246D0F5100624748 /* Base */,
			);
			name = Main.storyboard;
			sourceTree = "<group>";
		};
		EFDEEF0F246D0F5600624748 /* LaunchScreen.storyboard */ = {
			isa = PBXVariantGroup;
			children = (
				EFDEEF10246D0F5600624748 /* Base */,
			);
			name = LaunchScreen.storyboard;
			sourceTree = "<group>";
		};
/* End PBXVariantGroup section */

/* Begin XCBuildConfiguration section */
		EFDEEF29246D0F5600624748 /* Debug */ = {
			isa = XCBuildConfiguration;
			buildSettings = {
				ALWAYS_SEARCH_USER_PATHS = NO;
				CLANG_ANALYZER_NONNULL = YES;
				CLANG_ANALYZER_NUMBER_OBJECT_CONVERSION = YES_AGGRESSIVE;
				CLANG_CXX_LANGUAGE_STANDARD = "gnu++14";
				CLANG_CXX_LIBRARY = "libc++";
				CLANG_ENABLE_MODULES = YES;
				CLANG_ENABLE_OBJC_ARC = YES;
				CLANG_ENABLE_OBJC_WEAK = YES;
				CLANG_WARN_BLOCK_CAPTURE_AUTORELEASING = YES;
				CLANG_WARN_BOOL_CONVERSION = YES;
				CLANG_WARN_COMMA = YES;
				CLANG_WARN_CONSTANT_CONVERSION = YES;
				CLANG_WARN_DEPRECATED_OBJC_IMPLEMENTATIONS = YES;
				CLANG_WARN_DIRECT_OBJC_ISA_USAGE = YES_ERROR;
				CLANG_WARN_DOCUMENTATION_COMMENTS = YES;
				CLANG_WARN_EMPTY_BODY = YES;
				CLANG_WARN_ENUM_CONVERSION = YES;
				CLANG_WARN_INFINITE_RECURSION = YES;
				CLANG_WARN_INT_CONVERSION = YES;
				CLANG_WARN_NON_LITERAL_NULL_CONVERSION = YES;
				CLANG_WARN_OBJC_IMPLICIT_RETAIN_SELF = YES;
				CLANG_WARN_OBJC_LITERAL_CONVERSION = YES;
				CLANG_WARN_OBJC_ROOT_CLASS = YES_ERROR;
				CLANG_WARN_RANGE_LOOP_ANALYSIS = YES;
				CLANG_WARN_STRICT_PROTOTYPES = YES;
				CLANG_WARN_SUSPICIOUS_MOVE = YES;
				CLANG_WARN_UNGUARDED_AVAILABILITY = YES_AGGRESSIVE;
				CLANG_WARN_UNREACHABLE_CODE = YES;
				CLANG_WARN__DUPLICATE_METHOD_MATCH = YES;
				COPY_PHASE_STRIP = NO;
				DEBUG_INFORMATION_FORMAT = dwarf;
				ENABLE_STRICT_OBJC_MSGSEND = YES;
				ENABLE_TESTABILITY = YES;
				GCC_C_LANGUAGE_STANDARD = gnu11;
				GCC_DYNAMIC_NO_PIC = NO;
				GCC_NO_COMMON_BLOCKS = YES;
				GCC_OPTIMIZATION_LEVEL = 0;
				GCC_PREPROCESSOR_DEFINITIONS = (
					"DEBUG=1",
					"$(inherited)",
				);
				GCC_WARN_64_TO_32_BIT_CONVERSION = YES;
				GCC_WARN_ABOUT_RETURN_TYPE = YES_ERROR;
				GCC_WARN_UNDECLARED_SELECTOR = YES;
				GCC_WARN_UNINITIALIZED_AUTOS = YES_AGGRESSIVE;
				GCC_WARN_UNUSED_FUNCTION = YES;
				GCC_WARN_UNUSED_VARIABLE = YES;
				IPHONEOS_DEPLOYMENT_TARGET = 13.4;
				MTL_ENABLE_DEBUG_INFO = INCLUDE_SOURCE;
				MTL_FAST_MATH = YES;
				ONLY_ACTIVE_ARCH = YES;
				SDKROOT = iphoneos;
				SWIFT_ACTIVE_COMPILATION_CONDITIONS = DEBUG;
				SWIFT_OPTIMIZATION_LEVEL = "-Onone";
			};
			name = Debug;
		};
		EFDEEF2A246D0F5600624748 /* Release */ = {
			isa = XCBuildConfiguration;
			buildSettings = {
				ALWAYS_SEARCH_USER_PATHS = NO;
				CLANG_ANALYZER_NONNULL = YES;
				CLANG_ANALYZER_NUMBER_OBJECT_CONVERSION = YES_AGGRESSIVE;
				CLANG_CXX_LANGUAGE_STANDARD = "gnu++14";
				CLANG_CXX_LIBRARY = "libc++";
				CLANG_ENABLE_MODULES = YES;
				CLANG_ENABLE_OBJC_ARC = YES;
				CLANG_ENABLE_OBJC_WEAK = YES;
				CLANG_WARN_BLOCK_CAPTURE_AUTORELEASING = YES;
				CLANG_WARN_BOOL_CONVERSION = YES;
				CLANG_WARN_COMMA = YES;
				CLANG_WARN_CONSTANT_CONVERSION = YES;
				CLANG_WARN_DEPRECATED_OBJC_IMPLEMENTATIONS = YES;
				CLANG_WARN_DIRECT_OBJC_ISA_USAGE = YES_ERROR;
				CLANG_WARN_DOCUMENTATION_COMMENTS = YES;
				CLANG_WARN_EMPTY_BODY = YES;
				CLANG_WARN_ENUM_CONVERSION = YES;
				CLANG_WARN_INFINITE_RECURSION = YES;
				CLANG_WARN_INT_CONVERSION = YES;
				CLANG_WARN_NON_LITERAL_NULL_CONVERSION = YES;
				CLANG_WARN_OBJC_IMPLICIT_RETAIN_SELF = YES;
				CLANG_WARN_OBJC_LITERAL_CONVERSION = YES;
				CLANG_WARN_OBJC_ROOT_CLASS = YES_ERROR;
				CLANG_WARN_RANGE_LOOP_ANALYSIS = YES;
				CLANG_WARN_STRICT_PROTOTYPES = YES;
				CLANG_WARN_SUSPICIOUS_MOVE = YES;
				CLANG_WARN_UNGUARDED_AVAILABILITY = YES_AGGRESSIVE;
				CLANG_WARN_UNREACHABLE_CODE = YES;
				CLANG_WARN__DUPLICATE_METHOD_MATCH = YES;
				COPY_PHASE_STRIP = NO;
				DEBUG_INFORMATION_FORMAT = "dwarf-with-dsym";
				ENABLE_NS_ASSERTIONS = NO;
				ENABLE_STRICT_OBJC_MSGSEND = YES;
				GCC_C_LANGUAGE_STANDARD = gnu11;
				GCC_NO_COMMON_BLOCKS = YES;
				GCC_WARN_64_TO_32_BIT_CONVERSION = YES;
				GCC_WARN_ABOUT_RETURN_TYPE = YES_ERROR;
				GCC_WARN_UNDECLARED_SELECTOR = YES;
				GCC_WARN_UNINITIALIZED_AUTOS = YES_AGGRESSIVE;
				GCC_WARN_UNUSED_FUNCTION = YES;
				GCC_WARN_UNUSED_VARIABLE = YES;
				IPHONEOS_DEPLOYMENT_TARGET = 13.4;
				MTL_ENABLE_DEBUG_INFO = NO;
				MTL_FAST_MATH = YES;
				SDKROOT = iphoneos;
				SWIFT_COMPILATION_MODE = wholemodule;
				SWIFT_OPTIMIZATION_LEVEL = "-O";
				VALIDATE_PRODUCT = YES;
			};
			name = Release;
		};
		EFDEEF2C246D0F5600624748 /* Debug */ = {
			isa = XCBuildConfiguration;
			buildSettings = {
				ASSETCATALOG_COMPILER_APPICON_NAME = AppIcon;
				CODE_SIGN_STYLE = Automatic;
				DEVELOPMENT_TEAM = DAY2YVU369;
				INFOPLIST_FILE = GachaTech/Info.plist;
				LD_RUNPATH_SEARCH_PATHS = (
					"$(inherited)",
					"@executable_path/Frameworks",
				);
				PRODUCT_BUNDLE_IDENTIFIER = app.Ayanon.Fukui.GachaTech;
				PRODUCT_NAME = "$(TARGET_NAME)";
				SWIFT_VERSION = 5.0;
				TARGETED_DEVICE_FAMILY = "1,2";
			};
			name = Debug;
		};
		EFDEEF2D246D0F5600624748 /* Release */ = {
			isa = XCBuildConfiguration;
			buildSettings = {
				ASSETCATALOG_COMPILER_APPICON_NAME = AppIcon;
				CODE_SIGN_STYLE = Automatic;
				DEVELOPMENT_TEAM = DAY2YVU369;
				INFOPLIST_FILE = GachaTech/Info.plist;
				LD_RUNPATH_SEARCH_PATHS = (
					"$(inherited)",
					"@executable_path/Frameworks",
				);
				PRODUCT_BUNDLE_IDENTIFIER = app.Ayanon.Fukui.GachaTech;
				PRODUCT_NAME = "$(TARGET_NAME)";
				SWIFT_VERSION = 5.0;
				TARGETED_DEVICE_FAMILY = "1,2";
			};
			name = Release;
		};
		EFDEEF2F246D0F5600624748 /* Debug */ = {
			isa = XCBuildConfiguration;
			buildSettings = {
				ALWAYS_EMBED_SWIFT_STANDARD_LIBRARIES = YES;
				BUNDLE_LOADER = "$(TEST_HOST)";
				CODE_SIGN_STYLE = Automatic;
				DEVELOPMENT_TEAM = DAY2YVU369;
				INFOPLIST_FILE = GachaTechTests/Info.plist;
				IPHONEOS_DEPLOYMENT_TARGET = 13.4;
				LD_RUNPATH_SEARCH_PATHS = (
					"$(inherited)",
					"@executable_path/Frameworks",
					"@loader_path/Frameworks",
				);
				PRODUCT_BUNDLE_IDENTIFIER = app.Ayanon.Fukui.GachaTechTests;
				PRODUCT_NAME = "$(TARGET_NAME)";
				SWIFT_VERSION = 5.0;
				TARGETED_DEVICE_FAMILY = "1,2";
				TEST_HOST = "$(BUILT_PRODUCTS_DIR)/GachaTech.app/GachaTech";
			};
			name = Debug;
		};
		EFDEEF30246D0F5600624748 /* Release */ = {
			isa = XCBuildConfiguration;
			buildSettings = {
				ALWAYS_EMBED_SWIFT_STANDARD_LIBRARIES = YES;
				BUNDLE_LOADER = "$(TEST_HOST)";
				CODE_SIGN_STYLE = Automatic;
				DEVELOPMENT_TEAM = DAY2YVU369;
				INFOPLIST_FILE = GachaTechTests/Info.plist;
				IPHONEOS_DEPLOYMENT_TARGET = 13.4;
				LD_RUNPATH_SEARCH_PATHS = (
					"$(inherited)",
					"@executable_path/Frameworks",
					"@loader_path/Frameworks",
				);
				PRODUCT_BUNDLE_IDENTIFIER = app.Ayanon.Fukui.GachaTechTests;
				PRODUCT_NAME = "$(TARGET_NAME)";
				SWIFT_VERSION = 5.0;
				TARGETED_DEVICE_FAMILY = "1,2";
				TEST_HOST = "$(BUILT_PRODUCTS_DIR)/GachaTech.app/GachaTech";
			};
			name = Release;
		};
		EFDEEF32246D0F5600624748 /* Debug */ = {
			isa = XCBuildConfiguration;
			buildSettings = {
				ALWAYS_EMBED_SWIFT_STANDARD_LIBRARIES = YES;
				CODE_SIGN_STYLE = Automatic;
				DEVELOPMENT_TEAM = DAY2YVU369;
				INFOPLIST_FILE = GachaTechUITests/Info.plist;
				LD_RUNPATH_SEARCH_PATHS = (
					"$(inherited)",
					"@executable_path/Frameworks",
					"@loader_path/Frameworks",
				);
				PRODUCT_BUNDLE_IDENTIFIER = app.Ayanon.Fukui.GachaTechUITests;
				PRODUCT_NAME = "$(TARGET_NAME)";
				SWIFT_VERSION = 5.0;
				TARGETED_DEVICE_FAMILY = "1,2";
				TEST_TARGET_NAME = GachaTech;
			};
			name = Debug;
		};
		EFDEEF33246D0F5600624748 /* Release */ = {
			isa = XCBuildConfiguration;
			buildSettings = {
				ALWAYS_EMBED_SWIFT_STANDARD_LIBRARIES = YES;
				CODE_SIGN_STYLE = Automatic;
				DEVELOPMENT_TEAM = DAY2YVU369;
				INFOPLIST_FILE = GachaTechUITests/Info.plist;
				LD_RUNPATH_SEARCH_PATHS = (
					"$(inherited)",
					"@executable_path/Frameworks",
					"@loader_path/Frameworks",
				);
				PRODUCT_BUNDLE_IDENTIFIER = app.Ayanon.Fukui.GachaTechUITests;
				PRODUCT_NAME = "$(TARGET_NAME)";
				SWIFT_VERSION = 5.0;
				TARGETED_DEVICE_FAMILY = "1,2";
				TEST_TARGET_NAME = GachaTech;
			};
			name = Release;
		};
/* End XCBuildConfiguration section */

/* Begin XCConfigurationList section */
		EFDEEEFC246D0F5100624748 /* Build configuration list for PBXProject "GachaTech" */ = {
			isa = XCConfigurationList;
			buildConfigurations = (
				EFDEEF29246D0F5600624748 /* Debug */,
				EFDEEF2A246D0F5600624748 /* Release */,
			);
			defaultConfigurationIsVisible = 0;
			defaultConfigurationName = Release;
		};
		EFDEEF2B246D0F5600624748 /* Build configuration list for PBXNativeTarget "GachaTech" */ = {
			isa = XCConfigurationList;
			buildConfigurations = (
				EFDEEF2C246D0F5600624748 /* Debug */,
				EFDEEF2D246D0F5600624748 /* Release */,
			);
			defaultConfigurationIsVisible = 0;
			defaultConfigurationName = Release;
		};
		EFDEEF2E246D0F5600624748 /* Build configuration list for PBXNativeTarget "GachaTechTests" */ = {
			isa = XCConfigurationList;
			buildConfigurations = (
				EFDEEF2F246D0F5600624748 /* Debug */,
				EFDEEF30246D0F5600624748 /* Release */,
			);
			defaultConfigurationIsVisible = 0;
			defaultConfigurationName = Release;
		};
		EFDEEF31246D0F5600624748 /* Build configuration list for PBXNativeTarget "GachaTechUITests" */ = {
			isa = XCConfigurationList;
			buildConfigurations = (
				EFDEEF32246D0F5600624748 /* Debug */,
				EFDEEF33246D0F5600624748 /* Release */,
			);
			defaultConfigurationIsVisible = 0;
			defaultConfigurationName = Release;
		};
/* End XCConfigurationList section */
	};
	rootObject = EFDEEEF9246D0F5100624748 /* Project object */;
}
